
Microsoft Visual Studio Solution File, Format Version 12.00
Project("{FAE04EC0-301F-11D3-BF4B-00C04F79EFBC}") = "API", "API\API.csproj", "{3F7E48D4-6E70-4325-99F7-9B65D451C290}"
EndProject
Project("{2150E333-8FDC-42A3-9474-1A3956D46DE8}") = "Solution Items", "Solution Items", "{60444F3D-8FA3-4AE6-93BF-4DBF6151E434}"
	ProjectSection(SolutionItems) = preProject
		docker-compose.yml = docker-compose.yml
	EndProjectSection
EndProject
Project("{FAE04EC0-301F-11D3-BF4B-00C04F79EFBC}") = "Core", "Core\Core.csproj", "{85FB6E0B-2CEC-41D2-9231-4AF94AA18002}"
EndProject
Project("{FAE04EC0-301F-11D3-BF4B-00C04F79EFBC}") = "Domain", "Domain\Domain.csproj", "{57C0DC0C-12DA-4EA2-9031-136D6CF5A874}"
EndProject
Project("{FAE04EC0-301F-11D3-BF4B-00C04F79EFBC}") = "Domain.Tests", "Domain.Tests\Domain.Tests.csproj", "{FCF899B6-B715-48F7-9DC0-7AF8B174964A}"
EndProject
Global
	GlobalSection(SolutionConfigurationPlatforms) = preSolution
		Debug|Any CPU = Debug|Any CPU
		Release|Any CPU = Release|Any CPU
	EndGlobalSection
	GlobalSection(ProjectConfigurationPlatforms) = postSolution
		{3F7E48D4-6E70-4325-99F7-9B65D451C290}.Debug|Any CPU.ActiveCfg = Debug|Any CPU
		{3F7E48D4-6E70-4325-99F7-9B65D451C290}.Debug|Any CPU.Build.0 = Debug|Any CPU
		{3F7E48D4-6E70-4325-99F7-9B65D451C290}.Release|Any CPU.ActiveCfg = Release|Any CPU
		{3F7E48D4-6E70-4325-99F7-9B65D451C290}.Release|Any CPU.Build.0 = Release|Any CPU
		{85FB6E0B-2CEC-41D2-9231-4AF94AA18002}.Debug|Any CPU.ActiveCfg = Debug|Any CPU
		{85FB6E0B-2CEC-41D2-9231-4AF94AA18002}.Debug|Any CPU.Build.0 = Debug|Any CPU
		{85FB6E0B-2CEC-41D2-9231-4AF94AA18002}.Release|Any CPU.ActiveCfg = Release|Any CPU
		{85FB6E0B-2CEC-41D2-9231-4AF94AA18002}.Release|Any CPU.Build.0 = Release|Any CPU
		{57C0DC0C-12DA-4EA2-9031-136D6CF5A874}.Debug|Any CPU.ActiveCfg = Debug|Any CPU
		{57C0DC0C-12DA-4EA2-9031-136D6CF5A874}.Debug|Any CPU.Build.0 = Debug|Any CPU
		{57C0DC0C-12DA-4EA2-9031-136D6CF5A874}.Release|Any CPU.ActiveCfg = Release|Any CPU
		{57C0DC0C-12DA-4EA2-9031-136D6CF5A874}.Release|Any CPU.Build.0 = Release|Any CPU
		{FCF899B6-B715-48F7-9DC0-7AF8B174964A}.Debug|Any CPU.ActiveCfg = Debug|Any CPU
		{FCF899B6-B715-48F7-9DC0-7AF8B174964A}.Debug|Any CPU.Build.0 = Debug|Any CPU
		{FCF899B6-B715-48F7-9DC0-7AF8B174964A}.Release|Any CPU.ActiveCfg = Release|Any CPU
		{FCF899B6-B715-48F7-9DC0-7AF8B174964A}.Release|Any CPU.Build.0 = Release|Any CPU
	EndGlobalSection
EndGlobal
